// !$*UTF8*$!
{
	archiveVersion = 1;
	classes = {
	};
	objectVersion = 46;
	objects = {

/* Begin PBXBuildFile section */
		187A01F91C22DC8F0063D65D /* Application.m in Sources */ = {isa = PBXBuildFile; fileRef = 187A01F61C22DC8F0063D65D /* Application.m */; };
		187A01FA1C22DC8F0063D65D /* ImageChange.m in Sources */ = {isa = PBXBuildFile; fileRef = 187A01F81C22DC8F0063D65D /* ImageChange.m */; };
		187A01FC1C22DC980063D65D /* main.m in Sources */ = {isa = PBXBuildFile; fileRef = 187A01FB1C22DC980063D65D /* main.m */; };
/* End PBXBuildFile section */

/* Begin PBXCopyFilesBuildPhase section */
		187A01E11C22A9050063D65D /* CopyFiles */ = {
			isa = PBXCopyFilesBuildPhase;
			buildActionMask = 2147483647;
			dstPath = /usr/share/man/man1/;
			dstSubfolderSpec = 0;
			files = (
			);
			runOnlyForDeploymentPostprocessing = 1;
		};
/* End PBXCopyFilesBuildPhase section */

/* Begin PBXFileReference section */
		187A01E31C22A9050063D65D /* IMake */ = {isa = PBXFileReference; explicitFileType = "compiled.mach-o.executable"; includeInIndex = 0; path = IMake; sourceTree = BUILT_PRODUCTS_DIR; };
		187A01F51C22DC8F0063D65D /* Application.h */ = {isa = PBXFileReference; fileEncoding = 4; lastKnownFileType = sourcecode.c.h; path = Application.h; sourceTree = "<group>"; };
		187A01F61C22DC8F0063D65D /* Application.m */ = {isa = PBXFileReference; fileEncoding = 4; lastKnownFileType = sourcecode.c.objc; path = Application.m; sourceTree = "<group>"; };
		187A01F71C22DC8F0063D65D /* ImageChange.h */ = {isa = PBXFileReference; fileEncoding = 4; lastKnownFileType = sourcecode.c.h; path = ImageChange.h; sourceTree = "<group>"; };
		187A01F81C22DC8F0063D65D /* ImageChange.m */ = {isa = PBXFileReference; fileEncoding = 4; lastKnownFileType = sourcecode.c.objc; path = ImageChange.m; sourceTree = "<group>"; };
		187A01FB1C22DC980063D65D /* main.m */ = {isa = PBXFileReference; fileEncoding = 4; lastKnownFileType = sourcecode.c.objc; name = main.m; path = Imake/main.m; sourceTree = SOURCE_ROOT; };
/* End PBXFileReference section */

/* Begin PBXFrameworksBuildPhase section */
		187A01E01C22A9050063D65D /* Frameworks */ = {
			isa = PBXFrameworksBuildPhase;
			buildActionMask = 2147483647;
			files = (
			);
			runOnlyForDeploymentPostprocessing = 0;
		};
/* End PBXFrameworksBuildPhase section */

/* Begin PBXGroup section */
		187A01DA1C22A9050063D65D = {
			isa = PBXGroup;
			children = (
				187A01E51C22A9050063D65D /* IMake */,
				187A01FB1C22DC980063D65D /* main.m */,
				187A01E41C22A9050063D65D /* Products */,
			);
			sourceTree = "<group>";
		};
		187A01E41C22A9050063D65D /* Products */ = {
			isa = PBXGroup;
			children = (
				187A01E31C22A9050063D65D /* IMake */,
			);
			name = Products;
			sourceTree = "<group>";
		};
		187A01E51C22A9050063D65D /* IMake */ = {
			isa = PBXGroup;
			children = (
				187A01F41C22DC8F0063D65D /* Application */,
			);
			name = IMake;
			path = ImageNameChange;
			sourceTree = "<group>";
		};
		187A01F41C22DC8F0063D65D /* Application */ = {
			isa = PBXGroup;
			children = (
				187A01F51C22DC8F0063D65D /* Application.h */,
				187A01F61C22DC8F0063D65D /* Application.m */,
				187A01F71C22DC8F0063D65D /* ImageChange.h */,
				187A01F81C22DC8F0063D65D /* ImageChange.m */,
			);
			name = Application;
			path = Imake/Application;
			sourceTree = SOURCE_ROOT;
		};
/* End PBXGroup section */

/* Begin PBXNativeTarget section */
		187A01E21C22A9050063D65D /* IMake */ = {
			isa = PBXNativeTarget;
			buildConfigurationList = 187A01EA1C22A9050063D65D /* Build configuration list for PBXNativeTarget "IMake" */;
			buildPhases = (
				187A01DF1C22A9050063D65D /* Sources */,
				187A01E01C22A9050063D65D /* Frameworks */,
				187A01E11C22A9050063D65D /* CopyFiles */,
			);
			buildRules = (
			);
			dependencies = (
			);
			name = IMake;
			productName = ImageNameChange;
			productReference = 187A01E31C22A9050063D65D /* IMake */;
			productType = "com.apple.product-type.tool";
		};
/* End PBXNativeTarget section */

/* Begin PBXProject section */
		187A01DB1C22A9050063D65D /* Project object */ = {
			isa = PBXProject;
			attributes = {
				LastUpgradeCheck = 0720;
				ORGANIZATIONNAME = zhuxin;
				TargetAttributes = {
					187A01E21C22A9050063D65D = {
						CreatedOnToolsVersion = 7.2;
					};
				};
			};
			buildConfigurationList = 187A01DE1C22A9050063D65D /* Build configuration list for PBXProject "IMake" */;
			compatibilityVersion = "Xcode 3.2";
			developmentRegion = English;
			hasScannedForEncodings = 0;
			knownRegions = (
				en,
			);
			mainGroup = 187A01DA1C22A9050063D65D;
			productRefGroup = 187A01E41C22A9050063D65D /* Products */;
			projectDirPath = "";
			projectRoot = "";
			targets = (
				187A01E21C22A9050063D65D /* IMake */,
			);
		};
/* End PBXProject section */

/* Begin PBXSourcesBuildPhase section */
		187A01DF1C22A9050063D65D /* Sources */ = {
			isa = PBXSourcesBuildPhase;
			buildActionMask = 2147483647;
			files = (
				187A01F91C22DC8F0063D65D /* Application.m in Sources */,
				187A01FC1C22DC980063D65D /* main.m in Sources */,
				187A01FA1C22DC8F0063D65D /* ImageChange.m in Sources */,
			);
			runOnlyForDeploymentPostprocessing = 0;
		};
/* End PBXSourcesBuildPhase section */

/* Begin XCBuildConfiguration section */
		187A01E81C22A9050063D65D /* Debug */ = {
			isa = XCBuildConfiguration;
			buildSettings = {
				ALWAYS_SEARCH_USER_PATHS = NO;
				CLANG_CXX_LANGUAGE_STANDARD = "gnu++0x";
				CLANG_CXX_LIBRARY = "libc++";
				CLANG_ENABLE_MODULES = YES;
				CLANG_ENABLE_OBJC_ARC = YES;
				CLANG_WARN_BOOL_CONVERSION = YES;
				CLANG_WARN_CONSTANT_CONVERSION = YES;
				CLANG_WARN_DIRECT_OBJC_ISA_USAGE = YES_ERROR;
				CLANG_WARN_EMPTY_BODY = YES;
				CLANG_WARN_ENUM_CONVERSION = YES;
				CLANG_WARN_INT_CONVERSION = YES;
				CLANG_WARN_OBJC_ROOT_CLASS = YES_ERROR;
				CLANG_WARN_UNREACHABLE_CODE = YES;
				CLANG_WARN__DUPLICATE_METHOD_MATCH = YES;
				CODE_SIGN_IDENTITY = "-";
				COPY_PHASE_STRIP = NO;
				DEBUG_INFORMATION_FORMAT = dwarf;
				ENABLE_STRICT_OBJC_MSGSEND = YES;
				ENABLE_TESTABILITY = YES;
				GCC_C_LANGUAGE_STANDARD = gnu99;
				GCC_DYNAMIC_NO_PIC = NO;
				GCC_NO_COMMON_BLOCKS = YES;
				GCC_OPTIMIZATION_LEVEL = 0;
				GCC_PREPROCESSOR_DEFINITIONS = (
					"DEBUG=1",
					"$(inherited)",
				);
				GCC_WARN_64_TO_32_BIT_CONVERSION = YES;
				GCC_WARN_ABOUT_RETURN_TYPE = YES_ERROR;
				GCC_WARN_UNDECLARED_SELECTOR = YES;
				GCC_WARN_UNINITIALIZED_AUTOS = YES_AGGRESSIVE;
				GCC_WARN_UNUSED_FUNCTION = YES;
				GCC_WARN_UNUSED_VARIABLE = YES;
				MACOSX_DEPLOYMENT_TARGET = 10.10;
				MTL_ENABLE_DEBUG_INFO = YES;
				ONLY_ACTIVE_ARCH = YES;
				SDKROOT = macosx;
				SYMROOT = "$(SRCROOT)/IMake/build";
			};
			name = Debug;
		};
		187A01E91C22A9050063D65D /* Release */ = {
			isa = XCBuildConfiguration;
			buildSettings = {
				ALWAYS_SEARCH_USER_PATHS = NO;
				CLANG_CXX_LANGUAGE_STANDARD = "gnu++0x";
				CLANG_CXX_LIBRARY = "libc++";
				CLANG_ENABLE_MODULES = YES;
				CLANG_ENABLE_OBJC_ARC = YES;
				CLANG_WARN_BOOL_CONVERSION = YES;
				CLANG_WARN_CONSTANT_CONVERSION = YES;
				CLANG_WARN_DIRECT_OBJC_ISA_USAGE = YES_ERROR;
				CLANG_WARN_EMPTY_BODY = YES;
				CLANG_WARN_ENUM_CONVERSION = YES;
				CLANG_WARN_INT_CONVERSION = YES;
				CLANG_WARN_OBJC_ROOT_CLASS = YES_ERROR;
				CLANG_WARN_UNREACHABLE_CODE = YES;
				CLANG_WARN__DUPLICATE_METHOD_MATCH = YES;
				CODE_SIGN_IDENTITY = "-";
				COPY_PHASE_STRIP = NO;
				DEBUG_INFORMATION_FORMAT = "dwarf-with-dsym";
				ENABLE_NS_ASSERTIONS = NO;
				ENABLE_STRICT_OBJC_MSGSEND = YES;
				GCC_C_LANGUAGE_STANDARD = gnu99;
				GCC_NO_COMMON_BLOCKS = YES;
				GCC_WARN_64_TO_32_BIT_CONVERSION = YES;
				GCC_WARN_ABOUT_RETURN_TYPE = YES_ERROR;
				GCC_WARN_UNDECLARED_SELECTOR = YES;
				GCC_WARN_UNINITIALIZED_AUTOS = YES_AGGRESSIVE;
				GCC_WARN_UNUSED_FUNCTION = YES;
				GCC_WARN_UNUSED_VARIABLE = YES;
				MACOSX_DEPLOYMENT_TARGET = 10.10;
				MTL_ENABLE_DEBUG_INFO = NO;
				SDKROOT = macosx;
				SYMROOT = "$(SRCROOT)/IMake/build";
			};
			name = Release;
		};
		187A01EB1C22A9050063D65D /* Debug */ = {
			isa = XCBuildConfiguration;
			buildSettings = {
				PRODUCT_NAME = IMake;
				SYMROOT = "$(SRCROOT)/IMake/build";
			};
			name = Debug;
		};
		187A01EC1C22A9050063D65D /* Release */ = {
			isa = XCBuildConfiguration;
			buildSettings = {
				ONLY_ACTIVE_ARCH = YES;
				PRODUCT_NAME = IMake;
				SYMROOT = "$(SRCROOT)/IMake/build";
			};
			name = Release;
		};
/* End XCBuildConfiguration section */

/* Begin XCConfigurationList section */
		187A01DE1C22A9050063D65D /* Build configuration list for PBXProject "IMake" */ = {
			isa = XCConfigurationList;
			buildConfigurations = (
				187A01E81C22A9050063D65D /* Debug */,
				187A01E91C22A9050063D65D /* Release */,
			);
			defaultConfigurationIsVisible = 0;
			defaultConfigurationName = Release;
		};
		187A01EA1C22A9050063D65D /* Build configuration list for PBXNativeTarget "IMake" */ = {
			isa = XCConfigurationList;
			buildConfigurations = (
				187A01EB1C22A9050063D65D /* Debug */,
				187A01EC1C22A9050063D65D /* Release */,
			);
			defaultConfigurationIsVisible = 0;
			defaultConfigurationName = Release;
		};
/* End XCConfigurationList section */
	};
	rootObject = 187A01DB1C22A9050063D65D /* Project object */;
}
